
Microsoft Visual Studio Solution File, Format Version 12.00
# Visual Studio Version 16
VisualStudioVersion = 16.0.29102.190
MinimumVisualStudioVersion = 10.0.40219.1
Project("{FAE04EC0-301F-11D3-BF4B-00C04F79EFBC}") = "SmartGuideWebAPI", "SmartGuideWebAPI.csproj", "{2934E03C-1751-47C3-82B4-8C5E09DD418C}"
EndProject
Global
	GlobalSection(SolutionConfigurationPlatforms) = preSolution
		Debug|Any CPU = Debug|Any CPU
		Release|Any CPU = Release|Any CPU
	EndGlobalSection
	GlobalSection(ProjectConfigurationPlatforms) = postSolution
		{2934E03C-1751-47C3-82B4-8C5E09DD418C}.Debug|Any CPU.ActiveCfg = Debug|Any CPU
		{2934E03C-1751-47C3-82B4-8C5E09DD418C}.Debug|Any CPU.Build.0 = Debug|Any CPU
		{2934E03C-1751-47C3-82B4-8C5E09DD418C}.Release|Any CPU.ActiveCfg = Release|Any CPU
		{2934E03C-1751-47C3-82B4-8C5E09DD418C}.Release|Any CPU.Build.0 = Release|Any CPU
	EndGlobalSection
	GlobalSection(SolutionProperties) = preSolution
		HideSolutionNode = FALSE
	EndGlobalSection
	GlobalSection(ExtensibilityGlobals) = postSolution
		SolutionGuid = {00B49811-C391-4D4E-BE0F-0DBA130CAFE5}
	EndGlobalSection
EndGlobal
